{
  "name": "colors-tinify-cli",
  "version": "1.0.0",
  "lockfileVersion": 1,
  "requires": true,
  "dependencies": {
    "commander": {
      "version": "2.15.1",
      "resolved": "https://registry.npmjs.org/commander/-/commander-2.15.1.tgz",
      "integrity": "sha512-VlfT9F3V0v+jr4yxPc5gg9s62/fIVWsd2Bk2iD435um1NlGMYdVCq+MjcXnhYq2icNOizHr1kK+5TI6H0Hy0ag=="
    },
    "promise-nodeify": {
      "version": "2.0.0",
      "resolved": "https://registry.npmjs.org/promise-nodeify/-/promise-nodeify-2.0.0.tgz",
      "integrity": "sha512-GCzY7mF/3zwMs5CXTfcAqhu7KezR91ao5aqR/dc8zj5qk77AebLmbUeCqjuZv2CuYYthssWBdD6vIcCrZbU8Pw=="
    },
    "proxying-agent": {
      "version": "2.2.1",
      "resolved": "https://registry.npmjs.org/proxying-agent/-/proxying-agent-2.2.1.tgz",
      "integrity": "sha512-zDb8WBOB1RDL2UihLdxnBgSilEYW+RdLVp9EKfdatUsRvgUvq/fHTuO5HoKhoueyKKXyXrgQc7prWETnS33h0g=="
    },
    "tinify": {
      "version": "1.5.0",
      "resolved": "https://registry.npmjs.org/tinify/-/tinify-1.5.0.tgz",
      "integrity": "sha1-a6LqfognyEXSY947RvTbe61VWSA=",
      "requires": {
        "promise-nodeify": ">= 0.1",
        "proxying-agent": ">= 2.1"
      }
    }
  }
}
